{
  "version": 4,
  "terraform_version": "1.5.7",
  "serial": 32,
  "lineage": "6b26e1dd-855b-4b64-c578-386b175f4f84",
  "outputs": {},
  "resources": [
    {
      "mode": "managed",
      "type": "github_issue",
      "name": "tasks",
      "provider": "provider[\"registry.terraform.io/integrations/github\"]",
      "instances": [
        {
          "index_key": 0,
          "schema_version": 0,
          "attributes": {
            "assignees": null,
            "body": "We need a multi-stage Dockerfile...",
            "etag": "W/\"abf594202a33cee6f07d645e727719caac5e7ff79fb44c55f3051a32e761da64\"",
            "id": "ash_swarm:4",
            "issue_id": 2883513786,
            "labels": [
              "Kind:Infrastructure"
            ],
            "milestone_number": 1,
            "number": 4,
            "repository": "ash_swarm",
            "title": "Add Dockerfile"
          },
          "sensitive_attributes": [],
          "private": "bnVsbA==",
          "dependencies": [
            "github_issue_label.issue_labels",
            "github_repository.ash_swarm",
            "github_repository_milestone.milestones"
          ]
        },
        {
          "index_key": 1,
          "schema_version": 0,
          "attributes": {
            "assignees": null,
            "body": "Produce diagrams or docs summarizing the stack",
            "etag": "W/\"a61efecdf2d207041d1d0da336d6ca2d5316bd4e64ba6572d7cb89bf6c806316\"",
            "id": "ash_swarm:5",
            "issue_id": 2883513833,
            "labels": [
              "Kind:Documentation"
            ],
            "milestone_number": 2,
            "number": 5,
            "repository": "ash_swarm",
            "title": "Outline top-level architecture"
          },
          "sensitive_attributes": [],
          "private": "bnVsbA==",
          "dependencies": [
            "github_issue_label.issue_labels",
            "github_repository.ash_swarm",
            "github_repository_milestone.milestones"
          ]
        }
      ]
    },
    {
      "mode": "managed",
      "type": "github_issue_label",
      "name": "issue_labels",
      "provider": "provider[\"registry.terraform.io/integrations/github\"]",
      "instances": [
        {
          "index_key": "dockerfile",
          "schema_version": 0,
          "attributes": {
            "color": "3895AD",
            "description": "",
            "etag": "W/\"f23d8dc21f20828e1ac4c510748d395b51df1f2c5fe4bf11f9f9849a9f4a9671\"",
            "id": "ash_swarm:Dockerfile",
            "name": "Dockerfile",
            "repository": "ash_swarm",
            "url": "https://api.github.com/repos/seanchatmangpt/ash_swarm/labels/Dockerfile"
          },
          "sensitive_attributes": [],
          "private": "bnVsbA==",
          "dependencies": [
            "github_repository.ash_swarm"
          ]
        },
        {
          "index_key": "env-aws",
          "schema_version": 0,
          "attributes": {
            "color": "D3A968",
            "description": "",
            "etag": "W/\"f447d0bc9288376dfdb7171a508d59cdfb1305411036473fdf1c84fcb559e146\"",
            "id": "ash_swarm:Env:AWS",
            "name": "Env:AWS",
            "repository": "ash_swarm",
            "url": "https://api.github.com/repos/seanchatmangpt/ash_swarm/labels/Env:AWS"
          },
          "sensitive_attributes": [],
          "private": "bnVsbA==",
          "dependencies": [
            "github_repository.ash_swarm"
          ]
        },
        {
          "index_key": "env-local",
          "schema_version": 0,
          "attributes": {
            "color": "0075ca",
            "description": "",
            "etag": "W/\"5cd1fc05f74588a570673d6b6e522482b649c17a5f31a1dc4bcab90a8954cf79\"",
            "id": "ash_swarm:Env:Local",
            "name": "Env:Local",
            "repository": "ash_swarm",
            "url": "https://api.github.com/repos/seanchatmangpt/ash_swarm/labels/Env:Local"
          },
          "sensitive_attributes": [],
          "private": "bnVsbA==",
          "dependencies": [
            "github_repository.ash_swarm"
          ]
        },
        {
          "index_key": "kind-ci-cd",
          "schema_version": 0,
          "attributes": {
            "color": "FBCA04",
            "description": "",
            "etag": "W/\"69c7f076991c98e384d228ad3515b274b25881ba613e0f5e6db0b7fb72147770\"",
            "id": "ash_swarm:Kind:CI-CD",
            "name": "Kind:CI-CD",
            "repository": "ash_swarm",
            "url": "https://api.github.com/repos/seanchatmangpt/ash_swarm/labels/Kind:CI-CD"
          },
          "sensitive_attributes": [],
          "private": "bnVsbA==",
          "dependencies": [
            "github_repository.ash_swarm"
          ]
        },
        {
          "index_key": "kind-documentation",
          "schema_version": 0,
          "attributes": {
            "color": "5319E7",
            "description": "",
            "etag": "W/\"c6663c0a9aa0ac600ae77c43b56eda3590450ee835e0953d34e79dfd78edbe42\"",
            "id": "ash_swarm:Kind:Documentation",
            "name": "Kind:Documentation",
            "repository": "ash_swarm",
            "url": "https://api.github.com/repos/seanchatmangpt/ash_swarm/labels/Kind:Documentation"
          },
          "sensitive_attributes": [],
          "private": "bnVsbA==",
          "dependencies": [
            "github_repository.ash_swarm"
          ]
        },
        {
          "index_key": "kind-infrastructure",
          "schema_version": 0,
          "attributes": {
            "color": "B60205",
            "description": "",
            "etag": "W/\"17fea2e86e6c867c4eaec9f54a8e260955605746128908d41e51b1ad1c652c55\"",
            "id": "ash_swarm:Kind:Infrastructure",
            "name": "Kind:Infrastructure",
            "repository": "ash_swarm",
            "url": "https://api.github.com/repos/seanchatmangpt/ash_swarm/labels/Kind:Infrastructure"
          },
          "sensitive_attributes": [],
          "private": "bnVsbA==",
          "dependencies": [
            "github_repository.ash_swarm"
          ]
        },
        {
          "index_key": "kind-instrumentation",
          "schema_version": 0,
          "attributes": {
            "color": "0E8A16",
            "description": "",
            "etag": "W/\"a8dc1672f98aa6acb3f3778f758ba31b52d89c422d2004fbd2b8c5adc0d65fbf\"",
            "id": "ash_swarm:Kind:Instrumentation",
            "name": "Kind:Instrumentation",
            "repository": "ash_swarm",
            "url": "https://api.github.com/repos/seanchatmangpt/ash_swarm/labels/Kind:Instrumentation"
          },
          "sensitive_attributes": [],
          "private": "bnVsbA==",
          "dependencies": [
            "github_repository.ash_swarm"
          ]
        },
        {
          "index_key": "kind-uncategorized",
          "schema_version": 0,
          "attributes": {
            "color": "D93F0B",
            "description": "",
            "etag": "W/\"55a94bb4205e9ac811f58b0b20d7152f2c17d460b6eb546f95fcd2a6e2eb50c1\"",
            "id": "ash_swarm:Kind:Uncategorized",
            "name": "Kind:Uncategorized",
            "repository": "ash_swarm",
            "url": "https://api.github.com/repos/seanchatmangpt/ash_swarm/labels/Kind:Uncategorized"
          },
          "sensitive_attributes": [],
          "private": "bnVsbA==",
          "dependencies": [
            "github_repository.ash_swarm"
          ]
        },
        {
          "index_key": "tech-docker",
          "schema_version": 0,
          "attributes": {
            "color": "1D76DB",
            "description": "",
            "etag": "W/\"ce2346198eb1da89572cab3bf1167cbc8ebaa8b411f37161035e02aa267d2ae3\"",
            "id": "ash_swarm:Tech:Docker",
            "name": "Tech:Docker",
            "repository": "ash_swarm",
            "url": "https://api.github.com/repos/seanchatmangpt/ash_swarm/labels/Tech:Docker"
          },
          "sensitive_attributes": [],
          "private": "bnVsbA==",
          "dependencies": [
            "github_repository.ash_swarm"
          ]
        },
        {
          "index_key": "tech-docker-compose",
          "schema_version": 0,
          "attributes": {
            "color": "006B75",
            "description": "",
            "etag": "W/\"1b0cdb61826bac608ee4dc05f4e67e80ab03586d6d0492ffedc324912a74868d\"",
            "id": "ash_swarm:Tech:Docker-Compose",
            "name": "Tech:Docker-Compose",
            "repository": "ash_swarm",
            "url": "https://api.github.com/repos/seanchatmangpt/ash_swarm/labels/Tech:Docker-Compose"
          },
          "sensitive_attributes": [],
          "private": "bnVsbA==",
          "dependencies": [
            "github_repository.ash_swarm"
          ]
        },
        {
          "index_key": "tech-elixir",
          "schema_version": 0,
          "attributes": {
            "color": "D9B1FC",
            "description": "",
            "etag": "W/\"0d565ee1080041f243defb7b796e39d62358499278b2a12fdd25e6261b9291d7\"",
            "id": "ash_swarm:Tech:Elixir",
            "name": "Tech:Elixir",
            "repository": "ash_swarm",
            "url": "https://api.github.com/repos/seanchatmangpt/ash_swarm/labels/Tech:Elixir"
          },
          "sensitive_attributes": [],
          "private": "bnVsbA==",
          "dependencies": [
            "github_repository.ash_swarm"
          ]
        },
        {
          "index_key": "tech-gha",
          "schema_version": 0,
          "attributes": {
            "color": "66FE68",
            "description": "",
            "etag": "W/\"d6fce813be77ff0272490734990214e0592300ea8b79d0b63e921a815ecce36a\"",
            "id": "ash_swarm:Tech:GHA",
            "name": "Tech:GHA",
            "repository": "ash_swarm",
            "url": "https://api.github.com/repos/seanchatmangpt/ash_swarm/labels/Tech:GHA"
          },
          "sensitive_attributes": [],
          "private": "bnVsbA==",
          "dependencies": [
            "github_repository.ash_swarm"
          ]
        },
        {
          "index_key": "tech-packer",
          "schema_version": 0,
          "attributes": {
            "color": "1D76DB",
            "description": "",
            "etag": "W/\"9815836eba9979581ac1482233f8768ac4323ae169b3ef25a35cda3dea816c1a\"",
            "id": "ash_swarm:Tech:Packer",
            "name": "Tech:Packer",
            "repository": "ash_swarm",
            "url": "https://api.github.com/repos/seanchatmangpt/ash_swarm/labels/Tech:Packer"
          },
          "sensitive_attributes": [],
          "private": "bnVsbA==",
          "dependencies": [
            "github_repository.ash_swarm"
          ]
        },
        {
          "index_key": "tech-sops",
          "schema_version": 0,
          "attributes": {
            "color": "F9D0C4",
            "description": "",
            "etag": "W/\"8cc58beff4a3538a0f3be76c5f63981c8dbe2f0f95fd016084739812735cd90c\"",
            "id": "ash_swarm:Tech:SOPS",
            "name": "Tech:SOPS",
            "repository": "ash_swarm",
            "url": "https://api.github.com/repos/seanchatmangpt/ash_swarm/labels/Tech:SOPS"
          },
          "sensitive_attributes": [],
          "private": "bnVsbA==",
          "dependencies": [
            "github_repository.ash_swarm"
          ]
        },
        {
          "index_key": "tech-terraform",
          "schema_version": 0,
          "attributes": {
            "color": "5319A1",
            "description": "",
            "etag": "W/\"fe8045fc56df4aec49ffa51364fe32460a50eb0ce0d22c83e20fc038c2ba6654\"",
            "id": "ash_swarm:Tech:Terraform",
            "name": "Tech:Terraform",
            "repository": "ash_swarm",
            "url": "https://api.github.com/repos/seanchatmangpt/ash_swarm/labels/Tech:Terraform"
          },
          "sensitive_attributes": [],
          "private": "bnVsbA==",
          "dependencies": [
            "github_repository.ash_swarm"
          ]
        }
      ]
    },
    {
      "mode": "managed",
      "type": "github_repository",
      "name": "ash_swarm",
      "provider": "provider[\"registry.terraform.io/integrations/github\"]",
      "instances": [
        {
          "schema_version": 1,
          "attributes": {
            "allow_auto_merge": false,
            "allow_merge_commit": true,
            "allow_rebase_merge": true,
            "allow_squash_merge": true,
            "allow_update_branch": false,
            "archive_on_destroy": null,
            "archived": false,
            "auto_init": false,
            "default_branch": "main",
            "delete_branch_on_merge": false,
            "description": "Managing an existing repository via Terraform",
            "etag": "W/\"7f2360207d2140da59ef4185a370b5d9ad52f0fd1d3260c99079020e8b4850cd\"",
            "full_name": "seanchatmangpt/ash_swarm",
            "git_clone_url": "git://github.com/seanchatmangpt/ash_swarm.git",
            "gitignore_template": null,
            "has_discussions": false,
            "has_downloads": false,
            "has_issues": true,
            "has_projects": false,
            "has_wiki": false,
            "homepage_url": "",
            "html_url": "https://github.com/seanchatmangpt/ash_swarm",
            "http_clone_url": "https://github.com/seanchatmangpt/ash_swarm.git",
            "id": "ash_swarm",
            "ignore_vulnerability_alerts_during_read": null,
            "is_template": false,
            "license_template": null,
            "merge_commit_message": "PR_TITLE",
            "merge_commit_title": "MERGE_MESSAGE",
            "name": "ash_swarm",
            "node_id": "R_kgDOOAECRw",
            "pages": [],
            "primary_language": "JavaScript",
            "private": false,
            "repo_id": 939590215,
            "security_and_analysis": [
              {
                "advanced_security": [],
                "secret_scanning": [
                  {
                    "status": "enabled"
                  }
                ],
                "secret_scanning_push_protection": [
                  {
                    "status": "enabled"
                  }
                ]
              }
            ],
            "squash_merge_commit_message": "COMMIT_MESSAGES",
            "squash_merge_commit_title": "COMMIT_OR_PR_TITLE",
            "ssh_clone_url": "git@github.com:seanchatmangpt/ash_swarm.git",
            "svn_url": "https://github.com/seanchatmangpt/ash_swarm",
            "template": [],
            "topics": [],
            "visibility": "public",
            "vulnerability_alerts": false
          },
          "sensitive_attributes": [],
          "private": "eyJzY2hlbWFfdmVyc2lvbiI6IjEifQ=="
        }
      ]
    },
    {
      "mode": "managed",
      "type": "github_repository_milestone",
      "name": "milestones",
      "provider": "provider[\"registry.terraform.io/integrations/github\"]",
      "instances": [
        {
          "index_key": "ci-cd",
          "schema_version": 0,
          "attributes": {
            "description": "This milestone will include all deliverables that have to do\nwith GitHub workflows that perform basic checks for an Elixir\napplication. It will also build the Docker image and pull the\nlatest images in production.\n",
            "due_date": "2024-06-24",
            "id": "seanchatmangpt/ash_swarm/5",
            "number": 5,
            "owner": "seanchatmangpt",
            "repository": "ash_swarm",
            "state": "open",
            "title": "Continuous Deployment / Continuous Integration"
          },
          "sensitive_attributes": [],
          "private": "bnVsbA==",
          "dependencies": [
            "github_repository.ash_swarm"
          ]
        },
        {
          "index_key": "documentation",
          "schema_version": 0,
          "attributes": {
            "description": "This milestone includes documentation for Terraform, Elixir,\nPacker, etc. and will converge with CI when needed.\n",
            "due_date": "",
            "id": "seanchatmangpt/ash_swarm/2",
            "number": 2,
            "owner": "seanchatmangpt",
            "repository": "ash_swarm",
            "state": "open",
            "title": "Documentation"
          },
          "sensitive_attributes": [],
          "private": "bnVsbA==",
          "dependencies": [
            "github_repository.ash_swarm"
          ]
        },
        {
          "index_key": "infrastructure",
          "schema_version": 0,
          "attributes": {
            "description": "This milestone includes all the deliverables related to building\nthe application (e.g Dockerfile), provisioning AWS, the local\nenvironment and the base AMI with Packer.\n",
            "due_date": "2024-06-24",
            "id": "seanchatmangpt/ash_swarm/1",
            "number": 1,
            "owner": "seanchatmangpt",
            "repository": "ash_swarm",
            "state": "open",
            "title": "Infrastructure"
          },
          "sensitive_attributes": [],
          "private": "bnVsbA==",
          "dependencies": [
            "github_repository.ash_swarm"
          ]
        },
        {
          "index_key": "instrumentation",
          "schema_version": 0,
          "attributes": {
            "description": "This milestone will include all tasks that have to do\nwith the addition of basic instrumentation and BEAM-specific\nmetrics for your application.\n",
            "due_date": "2024-07-01",
            "id": "seanchatmangpt/ash_swarm/3",
            "number": 3,
            "owner": "seanchatmangpt",
            "repository": "ash_swarm",
            "state": "open",
            "title": "Instrumentation"
          },
          "sensitive_attributes": [],
          "private": "bnVsbA==",
          "dependencies": [
            "github_repository.ash_swarm"
          ]
        },
        {
          "index_key": "uncategorized",
          "schema_version": 0,
          "attributes": {
            "description": "A milestone for any tasks that do not neatly fit in\nother categories. \n",
            "due_date": "",
            "id": "seanchatmangpt/ash_swarm/4",
            "number": 4,
            "owner": "seanchatmangpt",
            "repository": "ash_swarm",
            "state": "open",
            "title": "Uncategorized"
          },
          "sensitive_attributes": [],
          "private": "bnVsbA==",
          "dependencies": [
            "github_repository.ash_swarm"
          ]
        }
      ]
    }
  ],
  "check_results": null
}
